
Microsoft Visual Studio Solution File, Format Version 12.00
# Visual Studio Version 17
VisualStudioVersion = 17.14.36429.23
MinimumVisualStudioVersion = 10.0.40219.1
Project("{FAE04EC0-301F-11D3-BF4B-00C04F79EFBC}") = "SignerXadesBesEc", "SignerXadesBesEc.csproj", "{57BD495C-B784-4A7F-83D6-B4F0C755D88A}"
EndProject
Project("{2150E333-8FDC-42A3-9474-1A3956D46DE8}") = "tests", "tests", "{0AB3BF05-4346-4AA6-1389-037BE0695223}"
EndProject
Project("{FAE04EC0-301F-11D3-BF4B-00C04F79EFBC}") = "SignerXadesBesEc.Tests", "tests\SignerXadesBesEc.Tests.csproj", "{09A87594-59EA-4A48-9515-2D8C0F73EF85}"
EndProject
Global
	GlobalSection(SolutionConfigurationPlatforms) = preSolution
		Debug|Any CPU = Debug|Any CPU
		Debug|x64 = Debug|x64
		Debug|x86 = Debug|x86
		Release|Any CPU = Release|Any CPU
		Release|x64 = Release|x64
		Release|x86 = Release|x86
	EndGlobalSection
	GlobalSection(ProjectConfigurationPlatforms) = postSolution
		{57BD495C-B784-4A7F-83D6-B4F0C755D88A}.Debug|Any CPU.ActiveCfg = Debug|Any CPU
		{57BD495C-B784-4A7F-83D6-B4F0C755D88A}.Debug|Any CPU.Build.0 = Debug|Any CPU
		{57BD495C-B784-4A7F-83D6-B4F0C755D88A}.Debug|x64.ActiveCfg = Debug|Any CPU
		{57BD495C-B784-4A7F-83D6-B4F0C755D88A}.Debug|x64.Build.0 = Debug|Any CPU
		{57BD495C-B784-4A7F-83D6-B4F0C755D88A}.Debug|x86.ActiveCfg = Debug|Any CPU
		{57BD495C-B784-4A7F-83D6-B4F0C755D88A}.Debug|x86.Build.0 = Debug|Any CPU
		{57BD495C-B784-4A7F-83D6-B4F0C755D88A}.Release|Any CPU.ActiveCfg = Release|Any CPU
		{57BD495C-B784-4A7F-83D6-B4F0C755D88A}.Release|Any CPU.Build.0 = Release|Any CPU
		{57BD495C-B784-4A7F-83D6-B4F0C755D88A}.Release|x64.ActiveCfg = Release|Any CPU
		{57BD495C-B784-4A7F-83D6-B4F0C755D88A}.Release|x64.Build.0 = Release|Any CPU
		{57BD495C-B784-4A7F-83D6-B4F0C755D88A}.Release|x86.ActiveCfg = Release|Any CPU
		{57BD495C-B784-4A7F-83D6-B4F0C755D88A}.Release|x86.Build.0 = Release|Any CPU
		{09A87594-59EA-4A48-9515-2D8C0F73EF85}.Debug|Any CPU.ActiveCfg = Debug|Any CPU
		{09A87594-59EA-4A48-9515-2D8C0F73EF85}.Debug|Any CPU.Build.0 = Debug|Any CPU
		{09A87594-59EA-4A48-9515-2D8C0F73EF85}.Debug|x64.ActiveCfg = Debug|Any CPU
		{09A87594-59EA-4A48-9515-2D8C0F73EF85}.Debug|x64.Build.0 = Debug|Any CPU
		{09A87594-59EA-4A48-9515-2D8C0F73EF85}.Debug|x86.ActiveCfg = Debug|Any CPU
		{09A87594-59EA-4A48-9515-2D8C0F73EF85}.Debug|x86.Build.0 = Debug|Any CPU
		{09A87594-59EA-4A48-9515-2D8C0F73EF85}.Release|Any CPU.ActiveCfg = Release|Any CPU
		{09A87594-59EA-4A48-9515-2D8C0F73EF85}.Release|Any CPU.Build.0 = Release|Any CPU
		{09A87594-59EA-4A48-9515-2D8C0F73EF85}.Release|x64.ActiveCfg = Release|Any CPU
		{09A87594-59EA-4A48-9515-2D8C0F73EF85}.Release|x64.Build.0 = Release|Any CPU
		{09A87594-59EA-4A48-9515-2D8C0F73EF85}.Release|x86.ActiveCfg = Release|Any CPU
		{09A87594-59EA-4A48-9515-2D8C0F73EF85}.Release|x86.Build.0 = Release|Any CPU
	EndGlobalSection
	GlobalSection(SolutionProperties) = preSolution
		HideSolutionNode = FALSE
	EndGlobalSection
	GlobalSection(NestedProjects) = preSolution
		{09A87594-59EA-4A48-9515-2D8C0F73EF85} = {0AB3BF05-4346-4AA6-1389-037BE0695223}
	EndGlobalSection
	GlobalSection(ExtensibilityGlobals) = postSolution
		SolutionGuid = {4BEC220F-4E14-4D8F-BB67-ACDCC1F160F4}
	EndGlobalSection
EndGlobal
