
Microsoft Visual Studio Solution File, Format Version 12.00
# Visual Studio Version 17
VisualStudioVersion = 17.14.36429.23 d17.14
MinimumVisualStudioVersion = 10.0.40219.1
Project("{FAE04EC0-301F-11D3-BF4B-00C04F79EFBC}") = "SignerXadesBesEc", "SignerXadesBesEc.csproj", "{57BD495C-B784-4A7F-83D6-B4F0C755D88A}"
EndProject
Global
	GlobalSection(SolutionConfigurationPlatforms) = preSolution
		Debug|Any CPU = Debug|Any CPU
		Release|Any CPU = Release|Any CPU
	EndGlobalSection
	GlobalSection(ProjectConfigurationPlatforms) = postSolution
		{57BD495C-B784-4A7F-83D6-B4F0C755D88A}.Debug|Any CPU.ActiveCfg = Debug|Any CPU
		{57BD495C-B784-4A7F-83D6-B4F0C755D88A}.Debug|Any CPU.Build.0 = Debug|Any CPU
		{57BD495C-B784-4A7F-83D6-B4F0C755D88A}.Release|Any CPU.ActiveCfg = Release|Any CPU
		{57BD495C-B784-4A7F-83D6-B4F0C755D88A}.Release|Any CPU.Build.0 = Release|Any CPU
	EndGlobalSection
	GlobalSection(SolutionProperties) = preSolution
		HideSolutionNode = FALSE
	EndGlobalSection
	GlobalSection(ExtensibilityGlobals) = postSolution
		SolutionGuid = {4BEC220F-4E14-4D8F-BB67-ACDCC1F160F4}
	EndGlobalSection
EndGlobal
